// !$*UTF8*$!
{
	archiveVersion = 1;
	classes = {
	};
	objectVersion = 46;
	objects = {

/* Begin PBXBuildFile section */
		4414815D1FF61CAB00E09E89 /* AppDelegate.swift in Sources */ = {isa = PBXBuildFile; fileRef = 4414815C1FF61CAB00E09E89 /* AppDelegate.swift */; };
		4414815F1FF61CAB00E09E89 /* ViewController.swift in Sources */ = {isa = PBXBuildFile; fileRef = 4414815E1FF61CAB00E09E89 /* ViewController.swift */; };
		441481621FF61CAB00E09E89 /* Main.storyboard in Resources */ = {isa = PBXBuildFile; fileRef = 441481601FF61CAB00E09E89 /* Main.storyboard */; };
		441481641FF61CAB00E09E89 /* Assets.xcassets in Resources */ = {isa = PBXBuildFile; fileRef = 441481631FF61CAB00E09E89 /* Assets.xcassets */; };
		441481671FF61CAB00E09E89 /* LaunchScreen.storyboard in Resources */ = {isa = PBXBuildFile; fileRef = 441481651FF61CAB00E09E89 /* LaunchScreen.storyboard */; };
/* End PBXBuildFile section */

/* Begin PBXFileReference section */
		441481591FF61CAA00E09E89 /* ATM-TVCExperiment.app */ = {isa = PBXFileReference; explicitFileType = wrapper.application; includeInIndex = 0; path = "ATM-TVCExperiment.app"; sourceTree = BUILT_PRODUCTS_DIR; };
		4414815C1FF61CAB00E09E89 /* AppDelegate.swift */ = {isa = PBXFileReference; lastKnownFileType = sourcecode.swift; path = AppDelegate.swift; sourceTree = "<group>"; };
		4414815E1FF61CAB00E09E89 /* ViewController.swift */ = {isa = PBXFileReference; lastKnownFileType = sourcecode.swift; path = ViewController.swift; sourceTree = "<group>"; };
		441481611FF61CAB00E09E89 /* Base */ = {isa = PBXFileReference; lastKnownFileType = file.storyboard; name = Base; path = Base.lproj/Main.storyboard; sourceTree = "<group>"; };
		441481631FF61CAB00E09E89 /* Assets.xcassets */ = {isa = PBXFileReference; lastKnownFileType = folder.assetcatalog; path = Assets.xcassets; sourceTree = "<group>"; };
		441481661FF61CAB00E09E89 /* Base */ = {isa = PBXFileReference; lastKnownFileType = file.storyboard; name = Base; path = Base.lproj/LaunchScreen.storyboard; sourceTree = "<group>"; };
		441481681FF61CAB00E09E89 /* Info.plist */ = {isa = PBXFileReference; lastKnownFileType = text.plist.xml; path = Info.plist; sourceTree = "<group>"; };
/* End PBXFileReference section */

/* Begin PBXFrameworksBuildPhase section */
		441481561FF61CAA00E09E89 /* Frameworks */ = {
			isa = PBXFrameworksBuildPhase;
			buildActionMask = 2147483647;
			files = (
			);
			runOnlyForDeploymentPostprocessing = 0;
		};
/* End PBXFrameworksBuildPhase section */

/* Begin PBXGroup section */
		441481501FF61CAA00E09E89 = {
			isa = PBXGroup;
			children = (
				4414815B1FF61CAA00E09E89 /* ATM-TVCExperiment */,
				4414815A1FF61CAA00E09E89 /* Products */,
			);
			sourceTree = "<group>";
		};
		4414815A1FF61CAA00E09E89 /* Products */ = {
			isa = PBXGroup;
			children = (
				441481591FF61CAA00E09E89 /* ATM-TVCExperiment.app */,
			);
			name = Products;
			sourceTree = "<group>";
		};
		4414815B1FF61CAA00E09E89 /* ATM-TVCExperiment */ = {
			isa = PBXGroup;
			children = (
				4414815C1FF61CAB00E09E89 /* AppDelegate.swift */,
				4414815E1FF61CAB00E09E89 /* ViewController.swift */,
				441481601FF61CAB00E09E89 /* Main.storyboard */,
				441481631FF61CAB00E09E89 /* Assets.xcassets */,
				441481651FF61CAB00E09E89 /* LaunchScreen.storyboard */,
				441481681FF61CAB00E09E89 /* Info.plist */,
			);
			path = "ATM-TVCExperiment";
			sourceTree = "<group>";
		};
/* End PBXGroup section */

/* Begin PBXNativeTarget section */
		441481581FF61CAA00E09E89 /* ATM-TVCExperiment */ = {
			isa = PBXNativeTarget;
			buildConfigurationList = 4414816B1FF61CAB00E09E89 /* Build configuration list for PBXNativeTarget "ATM-TVCExperiment" */;
			buildPhases = (
				441481551FF61CAA00E09E89 /* Sources */,
				441481561FF61CAA00E09E89 /* Frameworks */,
				441481571FF61CAA00E09E89 /* Resources */,
			);
			buildRules = (
			);
			dependencies = (
			);
			name = "ATM-TVCExperiment";
			productName = "ATM-TVCExperiment";
			productReference = 441481591FF61CAA00E09E89 /* ATM-TVCExperiment.app */;
			productType = "com.apple.product-type.application";
		};
/* End PBXNativeTarget section */

/* Begin PBXProject section */
		441481511FF61CAA00E09E89 /* Project object */ = {
			isa = PBXProject;
			attributes = {
				LastSwiftUpdateCheck = 0830;
				LastUpgradeCheck = 0830;
				ORGANIZATIONNAME = EDI;
				TargetAttributes = {
					441481581FF61CAA00E09E89 = {
						CreatedOnToolsVersion = 8.3.3;
						DevelopmentTeam = 7KF4FF2YG8;
						ProvisioningStyle = Automatic;
					};
				};
			};
			buildConfigurationList = 441481541FF61CAA00E09E89 /* Build configuration list for PBXProject "ATM-TVCExperiment" */;
			compatibilityVersion = "Xcode 3.2";
			developmentRegion = English;
			hasScannedForEncodings = 0;
			knownRegions = (
				en,
				Base,
			);
			mainGroup = 441481501FF61CAA00E09E89;
			productRefGroup = 4414815A1FF61CAA00E09E89 /* Products */;
			projectDirPath = "";
			projectRoot = "";
			targets = (
				441481581FF61CAA00E09E89 /* ATM-TVCExperiment */,
			);
		};
/* End PBXProject section */

/* Begin PBXResourcesBuildPhase section */
		441481571FF61CAA00E09E89 /* Resources */ = {
			isa = PBXResourcesBuildPhase;
			buildActionMask = 2147483647;
			files = (
				441481671FF61CAB00E09E89 /* LaunchScreen.storyboard in Resources */,
				441481641FF61CAB00E09E89 /* Assets.xcassets in Resources */,
				441481621FF61CAB00E09E89 /* Main.storyboard in Resources */,
			);
			runOnlyForDeploymentPostprocessing = 0;
		};
/* End PBXResourcesBuildPhase section */

/* Begin PBXSourcesBuildPhase section */
		441481551FF61CAA00E09E89 /* Sources */ = {
			isa = PBXSourcesBuildPhase;
			buildActionMask = 2147483647;
			files = (
				4414815F1FF61CAB00E09E89 /* ViewController.swift in Sources */,
				4414815D1FF61CAB00E09E89 /* AppDelegate.swift in Sources */,
			);
			runOnlyForDeploymentPostprocessing = 0;
		};
/* End PBXSourcesBuildPhase section */

/* Begin PBXVariantGroup section */
		441481601FF61CAB00E09E89 /* Main.storyboard */ = {
			isa = PBXVariantGroup;
			children = (
				441481611FF61CAB00E09E89 /* Base */,
			);
			name = Main.storyboard;
			sourceTree = "<group>";
		};
		441481651FF61CAB00E09E89 /* LaunchScreen.storyboard */ = {
			isa = PBXVariantGroup;
			children = (
				441481661FF61CAB00E09E89 /* Base */,
			);
			name = LaunchScreen.storyboard;
			sourceTree = "<group>";
		};
/* End PBXVariantGroup section */

/* Begin XCBuildConfiguration section */
		441481691FF61CAB00E09E89 /* Debug */ = {
			isa = XCBuildConfiguration;
			buildSettings = {
				ALWAYS_SEARCH_USER_PATHS = NO;
				CLANG_ANALYZER_NONNULL = YES;
				CLANG_ANALYZER_NUMBER_OBJECT_CONVERSION = YES_AGGRESSIVE;
				CLANG_CXX_LANGUAGE_STANDARD = "gnu++0x";
				CLANG_CXX_LIBRARY = "libc++";
				CLANG_ENABLE_MODULES = YES;
				CLANG_ENABLE_OBJC_ARC = YES;
				CLANG_WARN_BOOL_CONVERSION = YES;
				CLANG_WARN_CONSTANT_CONVERSION = YES;
				CLANG_WARN_DIRECT_OBJC_ISA_USAGE = YES_ERROR;
				CLANG_WARN_DOCUMENTATION_COMMENTS = YES;
				CLANG_WARN_EMPTY_BODY = YES;
				CLANG_WARN_ENUM_CONVERSION = YES;
				CLANG_WARN_INFINITE_RECURSION = YES;
				CLANG_WARN_INT_CONVERSION = YES;
				CLANG_WARN_OBJC_ROOT_CLASS = YES_ERROR;
				CLANG_WARN_SUSPICIOUS_MOVE = YES;
				CLANG_WARN_UNREACHABLE_CODE = YES;
				CLANG_WARN__DUPLICATE_METHOD_MATCH = YES;
				"CODE_SIGN_IDENTITY[sdk=iphoneos*]" = "iPhone Developer";
				COPY_PHASE_STRIP = NO;
				DEBUG_INFORMATION_FORMAT = dwarf;
				ENABLE_STRICT_OBJC_MSGSEND = YES;
				ENABLE_TESTABILITY = YES;
				GCC_C_LANGUAGE_STANDARD = gnu99;
				GCC_DYNAMIC_NO_PIC = NO;
				GCC_NO_COMMON_BLOCKS = YES;
				GCC_OPTIMIZATION_LEVEL = 0;
				GCC_PREPROCESSOR_DEFINITIONS = (
					"DEBUG=1",
					"$(inherited)",
				);
				GCC_WARN_64_TO_32_BIT_CONVERSION = YES;
				GCC_WARN_ABOUT_RETURN_TYPE = YES_ERROR;
				GCC_WARN_UNDECLARED_SELECTOR = YES;
				GCC_WARN_UNINITIALIZED_AUTOS = YES_AGGRESSIVE;
				GCC_WARN_UNUSED_FUNCTION = YES;
				GCC_WARN_UNUSED_VARIABLE = YES;
				IPHONEOS_DEPLOYMENT_TARGET = 10.3;
				MTL_ENABLE_DEBUG_INFO = YES;
				ONLY_ACTIVE_ARCH = YES;
				SDKROOT = iphoneos;
				SWIFT_ACTIVE_COMPILATION_CONDITIONS = DEBUG;
				SWIFT_OPTIMIZATION_LEVEL = "-Onone";
			};
			name = Debug;
		};
		4414816A1FF61CAB00E09E89 /* Release */ = {
			isa = XCBuildConfiguration;
			buildSettings = {
				ALWAYS_SEARCH_USER_PATHS = NO;
				CLANG_ANALYZER_NONNULL = YES;
				CLANG_ANALYZER_NUMBER_OBJECT_CONVERSION = YES_AGGRESSIVE;
				CLANG_CXX_LANGUAGE_STANDARD = "gnu++0x";
				CLANG_CXX_LIBRARY = "libc++";
				CLANG_ENABLE_MODULES = YES;
				CLANG_ENABLE_OBJC_ARC = YES;
				CLANG_WARN_BOOL_CONVERSION = YES;
				CLANG_WARN_CONSTANT_CONVERSION = YES;
				CLANG_WARN_DIRECT_OBJC_ISA_USAGE = YES_ERROR;
				CLANG_WARN_DOCUMENTATION_COMMENTS = YES;
				CLANG_WARN_EMPTY_BODY = YES;
				CLANG_WARN_ENUM_CONVERSION = YES;
				CLANG_WARN_INFINITE_RECURSION = YES;
				CLANG_WARN_INT_CONVERSION = YES;
				CLANG_WARN_OBJC_ROOT_CLASS = YES_ERROR;
				CLANG_WARN_SUSPICIOUS_MOVE = YES;
				CLANG_WARN_UNREACHABLE_CODE = YES;
				CLANG_WARN__DUPLICATE_METHOD_MATCH = YES;
				"CODE_SIGN_IDENTITY[sdk=iphoneos*]" = "iPhone Developer";
				COPY_PHASE_STRIP = NO;
				DEBUG_INFORMATION_FORMAT = "dwarf-with-dsym";
				ENABLE_NS_ASSERTIONS = NO;
				ENABLE_STRICT_OBJC_MSGSEND = YES;
				GCC_C_LANGUAGE_STANDARD = gnu99;
				GCC_NO_COMMON_BLOCKS = YES;
				GCC_WARN_64_TO_32_BIT_CONVERSION = YES;
				GCC_WARN_ABOUT_RETURN_TYPE = YES_ERROR;
				GCC_WARN_UNDECLARED_SELECTOR = YES;
				GCC_WARN_UNINITIALIZED_AUTOS = YES_AGGRESSIVE;
				GCC_WARN_UNUSED_FUNCTION = YES;
				GCC_WARN_UNUSED_VARIABLE = YES;
				IPHONEOS_DEPLOYMENT_TARGET = 10.3;
				MTL_ENABLE_DEBUG_INFO = NO;
				SDKROOT = iphoneos;
				SWIFT_OPTIMIZATION_LEVEL = "-Owholemodule";
				VALIDATE_PRODUCT = YES;
			};
			name = Release;
		};
		4414816C1FF61CAB00E09E89 /* Debug */ = {
			isa = XCBuildConfiguration;
			buildSettings = {
				ASSETCATALOG_COMPILER_APPICON_NAME = AppIcon;
				DEVELOPMENT_TEAM = 7KF4FF2YG8;
				INFOPLIST_FILE = "ATM-TVCExperiment/Info.plist";
				LD_RUNPATH_SEARCH_PATHS = "$(inherited) @executable_path/Frameworks";
				PRODUCT_BUNDLE_IDENTIFIER = "test.ATM-TVCExperiment";
				PRODUCT_NAME = "$(TARGET_NAME)";
				SWIFT_VERSION = 3.0;
			};
			name = Debug;
		};
		4414816D1FF61CAB00E09E89 /* Release */ = {
			isa = XCBuildConfiguration;
			buildSettings = {
				ASSETCATALOG_COMPILER_APPICON_NAME = AppIcon;
				DEVELOPMENT_TEAM = 7KF4FF2YG8;
				INFOPLIST_FILE = "ATM-TVCExperiment/Info.plist";
				LD_RUNPATH_SEARCH_PATHS = "$(inherited) @executable_path/Frameworks";
				PRODUCT_BUNDLE_IDENTIFIER = "test.ATM-TVCExperiment";
				PRODUCT_NAME = "$(TARGET_NAME)";
				SWIFT_VERSION = 3.0;
			};
			name = Release;
		};
/* End XCBuildConfiguration section */

/* Begin XCConfigurationList section */
		441481541FF61CAA00E09E89 /* Build configuration list for PBXProject "ATM-TVCExperiment" */ = {
			isa = XCConfigurationList;
			buildConfigurations = (
				441481691FF61CAB00E09E89 /* Debug */,
				4414816A1FF61CAB00E09E89 /* Release */,
			);
			defaultConfigurationIsVisible = 0;
			defaultConfigurationName = Release;
		};
		4414816B1FF61CAB00E09E89 /* Build configuration list for PBXNativeTarget "ATM-TVCExperiment" */ = {
			isa = XCConfigurationList;
			buildConfigurations = (
				4414816C1FF61CAB00E09E89 /* Debug */,
				4414816D1FF61CAB00E09E89 /* Release */,
			);
			defaultConfigurationIsVisible = 0;
		};
/* End XCConfigurationList section */
	};
	rootObject = 441481511FF61CAA00E09E89 /* Project object */;
}
